Microsoft Visual Studio Solution File, Format Version 12.00
# Visual Studio Version 17
VisualStudioVersion = 17.5.2.0
MinimumVisualStudioVersion = 10.0.40219.1
Project("{FAE04EC0-301F-11D3-BF4B-00C04F79EFBC}") = "RestCountriesApi", "RestCountriesApi.csproj", "{42830963-29A7-2EDC-5A33-1290662CA165}"
EndProject
Global
	GlobalSection(SolutionConfigurationPlatforms) = preSolution
		Debug|Any CPU = Debug|Any CPU
		Release|Any CPU = Release|Any CPU
	EndGlobalSection
	GlobalSection(ProjectConfigurationPlatforms) = postSolution
		{42830963-29A7-2EDC-5A33-1290662CA165}.Debug|Any CPU.ActiveCfg = Debug|Any CPU
		{42830963-29A7-2EDC-5A33-1290662CA165}.Debug|Any CPU.Build.0 = Debug|Any CPU
		{42830963-29A7-2EDC-5A33-1290662CA165}.Release|Any CPU.ActiveCfg = Release|Any CPU
		{42830963-29A7-2EDC-5A33-1290662CA165}.Release|Any CPU.Build.0 = Release|Any CPU
	EndGlobalSection
	GlobalSection(SolutionProperties) = preSolution
		HideSolutionNode = FALSE
	EndGlobalSection
	GlobalSection(ExtensibilityGlobals) = postSolution
		SolutionGuid = {17B08CEF-A789-4F11-97EB-CC8EB721AD36}
	EndGlobalSection
EndGlobal
